// !$*UTF8*$!
{
	archiveVersion = 1;
	classes = {
	};
	objectVersion = 56;
	objects = {

/* Begin PBXBuildFile section */
		434F5D642AFB9B9500AE8779 /* allwiseApp.swift in Sources */ = {isa = PBXBuildFile; fileRef = 434F5D632AFB9B9500AE8779 /* allwiseApp.swift */; };
		434F5D682AFB9B9700AE8779 /* Assets.xcassets in Resources */ = {isa = PBXBuildFile; fileRef = 434F5D672AFB9B9700AE8779 /* Assets.xcassets */; };
		434F5D6B2AFB9B9700AE8779 /* Preview Assets.xcassets in Resources */ = {isa = PBXBuildFile; fileRef = 434F5D6A2AFB9B9700AE8779 /* Preview Assets.xcassets */; };
		434F5D772AFB9C5200AE8779 /* OldLessonsView.swift in Sources */ = {isa = PBXBuildFile; fileRef = 434F5D762AFB9C5200AE8779 /* OldLessonsView.swift */; };
		434F5D882AFBA4A100AE8779 /* TopicsView.swift in Sources */ = {isa = PBXBuildFile; fileRef = 434F5D872AFBA4A100AE8779 /* TopicsView.swift */; };
		434F5D8A2AFBA52000AE8779 /* SubTopicView.swift in Sources */ = {isa = PBXBuildFile; fileRef = 434F5D892AFBA52000AE8779 /* SubTopicView.swift */; };
		434F5D8C2AFBA5D900AE8779 /* QuestionView.swift in Sources */ = {isa = PBXBuildFile; fileRef = 434F5D8B2AFBA5D900AE8779 /* QuestionView.swift */; };
		434F5D902AFBB20B00AE8779 /* TopicButton.swift in Sources */ = {isa = PBXBuildFile; fileRef = 434F5D8F2AFBB20B00AE8779 /* TopicButton.swift */; };
		434F5D932AFBB39400AE8779 /* CircularProgressBar.swift in Sources */ = {isa = PBXBuildFile; fileRef = 434F5D922AFBB39400AE8779 /* CircularProgressBar.swift */; };
		4378DB6E2AFCD3E400BC80C6 /* Models.swift in Sources */ = {isa = PBXBuildFile; fileRef = 4378DB6D2AFCD3E400BC80C6 /* Models.swift */; };
		4378DB702AFCD69300BC80C6 /* AllLessonsViewModel.swift in Sources */ = {isa = PBXBuildFile; fileRef = 4378DB6F2AFCD69300BC80C6 /* AllLessonsViewModel.swift */; };
		4378DB722AFCE97600BC80C6 /* LessonsSelectionButton.swift in Sources */ = {isa = PBXBuildFile; fileRef = 4378DB712AFCE97600BC80C6 /* LessonsSelectionButton.swift */; };
		4378DB742AFCEE2500BC80C6 /* ContinueButton.swift in Sources */ = {isa = PBXBuildFile; fileRef = 4378DB732AFCEE2500BC80C6 /* ContinueButton.swift */; };
		43C829FE2AFD21D700F6EF59 /* LessonsData.swift in Sources */ = {isa = PBXBuildFile; fileRef = 43C829FD2AFD21D700F6EF59 /* LessonsData.swift */; };
		43CB1EB12AFD3A82002FE19C /* LessonsSelectionModalView.swift in Sources */ = {isa = PBXBuildFile; fileRef = 43CB1EB02AFD3A82002FE19C /* LessonsSelectionModalView.swift */; };
		43CB1EB32AFD3DD0002FE19C /* HomeView.swift in Sources */ = {isa = PBXBuildFile; fileRef = 43CB1EB22AFD3DD0002FE19C /* HomeView.swift */; };
/* End PBXBuildFile section */

/* Begin PBXFileReference section */
		434F5D602AFB9B9500AE8779 /* allwise.app */ = {isa = PBXFileReference; explicitFileType = wrapper.application; includeInIndex = 0; path = allwise.app; sourceTree = BUILT_PRODUCTS_DIR; };
		434F5D632AFB9B9500AE8779 /* allwiseApp.swift */ = {isa = PBXFileReference; lastKnownFileType = sourcecode.swift; path = allwiseApp.swift; sourceTree = "<group>"; };
		434F5D672AFB9B9700AE8779 /* Assets.xcassets */ = {isa = PBXFileReference; lastKnownFileType = folder.assetcatalog; path = Assets.xcassets; sourceTree = "<group>"; };
		434F5D6A2AFB9B9700AE8779 /* Preview Assets.xcassets */ = {isa = PBXFileReference; lastKnownFileType = folder.assetcatalog; path = "Preview Assets.xcassets"; sourceTree = "<group>"; };
		434F5D762AFB9C5200AE8779 /* OldLessonsView.swift */ = {isa = PBXFileReference; lastKnownFileType = sourcecode.swift; path = OldLessonsView.swift; sourceTree = "<group>"; };
		434F5D872AFBA4A100AE8779 /* TopicsView.swift */ = {isa = PBXFileReference; lastKnownFileType = sourcecode.swift; path = TopicsView.swift; sourceTree = "<group>"; };
		434F5D892AFBA52000AE8779 /* SubTopicView.swift */ = {isa = PBXFileReference; lastKnownFileType = sourcecode.swift; path = SubTopicView.swift; sourceTree = "<group>"; };
		434F5D8B2AFBA5D900AE8779 /* QuestionView.swift */ = {isa = PBXFileReference; lastKnownFileType = sourcecode.swift; path = QuestionView.swift; sourceTree = "<group>"; };
		434F5D8F2AFBB20B00AE8779 /* TopicButton.swift */ = {isa = PBXFileReference; lastKnownFileType = sourcecode.swift; path = TopicButton.swift; sourceTree = "<group>"; };
		434F5D922AFBB39400AE8779 /* CircularProgressBar.swift */ = {isa = PBXFileReference; lastKnownFileType = sourcecode.swift; path = CircularProgressBar.swift; sourceTree = "<group>"; };
		4378DB6D2AFCD3E400BC80C6 /* Models.swift */ = {isa = PBXFileReference; lastKnownFileType = sourcecode.swift; path = Models.swift; sourceTree = "<group>"; };
		4378DB6F2AFCD69300BC80C6 /* AllLessonsViewModel.swift */ = {isa = PBXFileReference; lastKnownFileType = sourcecode.swift; path = AllLessonsViewModel.swift; sourceTree = "<group>"; };
		4378DB712AFCE97600BC80C6 /* LessonsSelectionButton.swift */ = {isa = PBXFileReference; lastKnownFileType = sourcecode.swift; path = LessonsSelectionButton.swift; sourceTree = "<group>"; };
		4378DB732AFCEE2500BC80C6 /* ContinueButton.swift */ = {isa = PBXFileReference; lastKnownFileType = sourcecode.swift; path = ContinueButton.swift; sourceTree = "<group>"; };
		43C829FD2AFD21D700F6EF59 /* LessonsData.swift */ = {isa = PBXFileReference; lastKnownFileType = sourcecode.swift; path = LessonsData.swift; sourceTree = "<group>"; };
		43CB1EB02AFD3A82002FE19C /* LessonsSelectionModalView.swift */ = {isa = PBXFileReference; lastKnownFileType = sourcecode.swift; path = LessonsSelectionModalView.swift; sourceTree = "<group>"; };
		43CB1EB22AFD3DD0002FE19C /* HomeView.swift */ = {isa = PBXFileReference; lastKnownFileType = sourcecode.swift; path = HomeView.swift; sourceTree = "<group>"; };
/* End PBXFileReference section */

/* Begin PBXFrameworksBuildPhase section */
		434F5D5D2AFB9B9500AE8779 /* Frameworks */ = {
			isa = PBXFrameworksBuildPhase;
			buildActionMask = 2147483647;
			files = (
			);
			runOnlyForDeploymentPostprocessing = 0;
		};
/* End PBXFrameworksBuildPhase section */

/* Begin PBXGroup section */
		434F5D572AFB9B9500AE8779 = {
			isa = PBXGroup;
			children = (
				434F5D622AFB9B9500AE8779 /* allwise */,
				434F5D612AFB9B9500AE8779 /* Products */,
			);
			sourceTree = "<group>";
		};
		434F5D612AFB9B9500AE8779 /* Products */ = {
			isa = PBXGroup;
			children = (
				434F5D602AFB9B9500AE8779 /* allwise.app */,
			);
			name = Products;
			sourceTree = "<group>";
		};
		434F5D622AFB9B9500AE8779 /* allwise */ = {
			isa = PBXGroup;
			children = (
				434F5D632AFB9B9500AE8779 /* allwiseApp.swift */,
				43C829FC2AFD21B300F6EF59 /* Data */,
				434F5D7E2AFB9DAB00AE8779 /* MainViewModel */,
				434F5D742AFB9C1300AE8779 /* Model */,
				43CB1EAE2AFD3A6D002FE19C /* Core2 */,
				434F5D722AFB9C0E00AE8779 /* Core */,
				434F5D732AFB9C1000AE8779 /* Extensions */,
				434F5D8D2AFBB1DE00AE8779 /* Components */,
				434F5D752AFB9C1400AE8779 /* Managers */,
				43CB1EB42AFD472A002FE19C /* Old */,
				434F5D672AFB9B9700AE8779 /* Assets.xcassets */,
				434F5D692AFB9B9700AE8779 /* Preview Content */,
			);
			path = allwise;
			sourceTree = "<group>";
		};
		434F5D692AFB9B9700AE8779 /* Preview Content */ = {
			isa = PBXGroup;
			children = (
				434F5D6A2AFB9B9700AE8779 /* Preview Assets.xcassets */,
			);
			path = "Preview Content";
			sourceTree = "<group>";
		};
		434F5D722AFB9C0E00AE8779 /* Core */ = {
			isa = PBXGroup;
			children = (
				43CB1EB22AFD3DD0002FE19C /* HomeView.swift */,
				434F5D872AFBA4A100AE8779 /* TopicsView.swift */,
				434F5D892AFBA52000AE8779 /* SubTopicView.swift */,
				434F5D8B2AFBA5D900AE8779 /* QuestionView.swift */,
			);
			path = Core;
			sourceTree = "<group>";
		};
		434F5D732AFB9C1000AE8779 /* Extensions */ = {
			isa = PBXGroup;
			children = (
			);
			path = Extensions;
			sourceTree = "<group>";
		};
		434F5D742AFB9C1300AE8779 /* Model */ = {
			isa = PBXGroup;
			children = (
				4378DB6D2AFCD3E400BC80C6 /* Models.swift */,
			);
			path = Model;
			sourceTree = "<group>";
		};
		434F5D752AFB9C1400AE8779 /* Managers */ = {
			isa = PBXGroup;
			children = (
			);
			path = Managers;
			sourceTree = "<group>";
		};
		434F5D7E2AFB9DAB00AE8779 /* MainViewModel */ = {
			isa = PBXGroup;
			children = (
				4378DB6F2AFCD69300BC80C6 /* AllLessonsViewModel.swift */,
			);
			path = MainViewModel;
			sourceTree = "<group>";
		};
		434F5D8D2AFBB1DE00AE8779 /* Components */ = {
			isa = PBXGroup;
			children = (
				434F5D912AFBB38A00AE8779 /* Graph */,
				434F5D8E2AFBB1E500AE8779 /* Buttons */,
			);
			path = Components;
			sourceTree = "<group>";
		};
		434F5D8E2AFBB1E500AE8779 /* Buttons */ = {
			isa = PBXGroup;
			children = (
				434F5D8F2AFBB20B00AE8779 /* TopicButton.swift */,
				4378DB712AFCE97600BC80C6 /* LessonsSelectionButton.swift */,
				4378DB732AFCEE2500BC80C6 /* ContinueButton.swift */,
			);
			path = Buttons;
			sourceTree = "<group>";
		};
		434F5D912AFBB38A00AE8779 /* Graph */ = {
			isa = PBXGroup;
			children = (
				434F5D922AFBB39400AE8779 /* CircularProgressBar.swift */,
			);
			path = Graph;
			sourceTree = "<group>";
		};
		43C829FC2AFD21B300F6EF59 /* Data */ = {
			isa = PBXGroup;
			children = (
				43C829FD2AFD21D700F6EF59 /* LessonsData.swift */,
			);
			path = Data;
			sourceTree = "<group>";
		};
		43CB1EAE2AFD3A6D002FE19C /* Core2 */ = {
			isa = PBXGroup;
			children = (
				43CB1EAF2AFD3A72002FE19C /* LessonsView2 */,
			);
			path = Core2;
			sourceTree = "<group>";
		};
		43CB1EAF2AFD3A72002FE19C /* LessonsView2 */ = {
			isa = PBXGroup;
			children = (
				43CB1EB02AFD3A82002FE19C /* LessonsSelectionModalView.swift */,
			);
			path = LessonsView2;
			sourceTree = "<group>";
		};
		43CB1EB42AFD472A002FE19C /* Old */ = {
			isa = PBXGroup;
			children = (
				434F5D762AFB9C5200AE8779 /* OldLessonsView.swift */,
			);
			path = Old;
			sourceTree = "<group>";
		};
/* End PBXGroup section */

/* Begin PBXNativeTarget section */
		434F5D5F2AFB9B9500AE8779 /* allwise */ = {
			isa = PBXNativeTarget;
			buildConfigurationList = 434F5D6E2AFB9B9700AE8779 /* Build configuration list for PBXNativeTarget "allwise" */;
			buildPhases = (
				434F5D5C2AFB9B9500AE8779 /* Sources */,
				434F5D5D2AFB9B9500AE8779 /* Frameworks */,
				434F5D5E2AFB9B9500AE8779 /* Resources */,
			);
			buildRules = (
			);
			dependencies = (
			);
			name = allwise;
			productName = allwise;
			productReference = 434F5D602AFB9B9500AE8779 /* allwise.app */;
			productType = "com.apple.product-type.application";
		};
/* End PBXNativeTarget section */

/* Begin PBXProject section */
		434F5D582AFB9B9500AE8779 /* Project object */ = {
			isa = PBXProject;
			attributes = {
				BuildIndependentTargetsInParallel = 1;
				LastSwiftUpdateCheck = 1500;
				LastUpgradeCheck = 1500;
				TargetAttributes = {
					434F5D5F2AFB9B9500AE8779 = {
						CreatedOnToolsVersion = 15.0.1;
					};
				};
			};
			buildConfigurationList = 434F5D5B2AFB9B9500AE8779 /* Build configuration list for PBXProject "allwise" */;
			compatibilityVersion = "Xcode 14.0";
			developmentRegion = en;
			hasScannedForEncodings = 0;
			knownRegions = (
				en,
				Base,
			);
			mainGroup = 434F5D572AFB9B9500AE8779;
			productRefGroup = 434F5D612AFB9B9500AE8779 /* Products */;
			projectDirPath = "";
			projectRoot = "";
			targets = (
				434F5D5F2AFB9B9500AE8779 /* allwise */,
			);
		};
/* End PBXProject section */

/* Begin PBXResourcesBuildPhase section */
		434F5D5E2AFB9B9500AE8779 /* Resources */ = {
			isa = PBXResourcesBuildPhase;
			buildActionMask = 2147483647;
			files = (
				434F5D6B2AFB9B9700AE8779 /* Preview Assets.xcassets in Resources */,
				434F5D682AFB9B9700AE8779 /* Assets.xcassets in Resources */,
			);
			runOnlyForDeploymentPostprocessing = 0;
		};
/* End PBXResourcesBuildPhase section */

/* Begin PBXSourcesBuildPhase section */
		434F5D5C2AFB9B9500AE8779 /* Sources */ = {
			isa = PBXSourcesBuildPhase;
			buildActionMask = 2147483647;
			files = (
				434F5D772AFB9C5200AE8779 /* OldLessonsView.swift in Sources */,
				43CB1EB32AFD3DD0002FE19C /* HomeView.swift in Sources */,
				43C829FE2AFD21D700F6EF59 /* LessonsData.swift in Sources */,
				434F5D882AFBA4A100AE8779 /* TopicsView.swift in Sources */,
				434F5D902AFBB20B00AE8779 /* TopicButton.swift in Sources */,
				4378DB742AFCEE2500BC80C6 /* ContinueButton.swift in Sources */,
				434F5D8C2AFBA5D900AE8779 /* QuestionView.swift in Sources */,
				4378DB722AFCE97600BC80C6 /* LessonsSelectionButton.swift in Sources */,
				434F5D8A2AFBA52000AE8779 /* SubTopicView.swift in Sources */,
				4378DB6E2AFCD3E400BC80C6 /* Models.swift in Sources */,
				434F5D642AFB9B9500AE8779 /* allwiseApp.swift in Sources */,
				43CB1EB12AFD3A82002FE19C /* LessonsSelectionModalView.swift in Sources */,
				4378DB702AFCD69300BC80C6 /* AllLessonsViewModel.swift in Sources */,
				434F5D932AFBB39400AE8779 /* CircularProgressBar.swift in Sources */,
			);
			runOnlyForDeploymentPostprocessing = 0;
		};
/* End PBXSourcesBuildPhase section */

/* Begin XCBuildConfiguration section */
		434F5D6C2AFB9B9700AE8779 /* Debug */ = {
			isa = XCBuildConfiguration;
			buildSettings = {
				ALWAYS_SEARCH_USER_PATHS = NO;
				ASSETCATALOG_COMPILER_GENERATE_SWIFT_ASSET_SYMBOL_EXTENSIONS = YES;
				CLANG_ANALYZER_NONNULL = YES;
				CLANG_ANALYZER_NUMBER_OBJECT_CONVERSION = YES_AGGRESSIVE;
				CLANG_CXX_LANGUAGE_STANDARD = "gnu++20";
				CLANG_ENABLE_MODULES = YES;
				CLANG_ENABLE_OBJC_ARC = YES;
				CLANG_ENABLE_OBJC_WEAK = YES;
				CLANG_WARN_BLOCK_CAPTURE_AUTORELEASING = YES;
				CLANG_WARN_BOOL_CONVERSION = YES;
				CLANG_WARN_COMMA = YES;
				CLANG_WARN_CONSTANT_CONVERSION = YES;
				CLANG_WARN_DEPRECATED_OBJC_IMPLEMENTATIONS = YES;
				CLANG_WARN_DIRECT_OBJC_ISA_USAGE = YES_ERROR;
				CLANG_WARN_DOCUMENTATION_COMMENTS = YES;
				CLANG_WARN_EMPTY_BODY = YES;
				CLANG_WARN_ENUM_CONVERSION = YES;
				CLANG_WARN_INFINITE_RECURSION = YES;
				CLANG_WARN_INT_CONVERSION = YES;
				CLANG_WARN_NON_LITERAL_NULL_CONVERSION = YES;
				CLANG_WARN_OBJC_IMPLICIT_RETAIN_SELF = YES;
				CLANG_WARN_OBJC_LITERAL_CONVERSION = YES;
				CLANG_WARN_OBJC_ROOT_CLASS = YES_ERROR;
				CLANG_WARN_QUOTED_INCLUDE_IN_FRAMEWORK_HEADER = YES;
				CLANG_WARN_RANGE_LOOP_ANALYSIS = YES;
				CLANG_WARN_STRICT_PROTOTYPES = YES;
				CLANG_WARN_SUSPICIOUS_MOVE = YES;
				CLANG_WARN_UNGUARDED_AVAILABILITY = YES_AGGRESSIVE;
				CLANG_WARN_UNREACHABLE_CODE = YES;
				CLANG_WARN__DUPLICATE_METHOD_MATCH = YES;
				COPY_PHASE_STRIP = NO;
				DEBUG_INFORMATION_FORMAT = dwarf;
				ENABLE_STRICT_OBJC_MSGSEND = YES;
				ENABLE_TESTABILITY = YES;
				ENABLE_USER_SCRIPT_SANDBOXING = YES;
				GCC_C_LANGUAGE_STANDARD = gnu17;
				GCC_DYNAMIC_NO_PIC = NO;
				GCC_NO_COMMON_BLOCKS = YES;
				GCC_OPTIMIZATION_LEVEL = 0;
				GCC_PREPROCESSOR_DEFINITIONS = (
					"DEBUG=1",
					"$(inherited)",
				);
				GCC_WARN_64_TO_32_BIT_CONVERSION = YES;
				GCC_WARN_ABOUT_RETURN_TYPE = YES_ERROR;
				GCC_WARN_UNDECLARED_SELECTOR = YES;
				GCC_WARN_UNINITIALIZED_AUTOS = YES_AGGRESSIVE;
				GCC_WARN_UNUSED_FUNCTION = YES;
				GCC_WARN_UNUSED_VARIABLE = YES;
				IPHONEOS_DEPLOYMENT_TARGET = 16.1;
				LOCALIZATION_PREFERS_STRING_CATALOGS = YES;
				MTL_ENABLE_DEBUG_INFO = INCLUDE_SOURCE;
				MTL_FAST_MATH = YES;
				ONLY_ACTIVE_ARCH = YES;
				SDKROOT = iphoneos;
				SWIFT_ACTIVE_COMPILATION_CONDITIONS = "DEBUG $(inherited)";
				SWIFT_OPTIMIZATION_LEVEL = "-Onone";
			};
			name = Debug;
		};
		434F5D6D2AFB9B9700AE8779 /* Release */ = {
			isa = XCBuildConfiguration;
			buildSettings = {
				ALWAYS_SEARCH_USER_PATHS = NO;
				ASSETCATALOG_COMPILER_GENERATE_SWIFT_ASSET_SYMBOL_EXTENSIONS = YES;
				CLANG_ANALYZER_NONNULL = YES;
				CLANG_ANALYZER_NUMBER_OBJECT_CONVERSION = YES_AGGRESSIVE;
				CLANG_CXX_LANGUAGE_STANDARD = "gnu++20";
				CLANG_ENABLE_MODULES = YES;
				CLANG_ENABLE_OBJC_ARC = YES;
				CLANG_ENABLE_OBJC_WEAK = YES;
				CLANG_WARN_BLOCK_CAPTURE_AUTORELEASING = YES;
				CLANG_WARN_BOOL_CONVERSION = YES;
				CLANG_WARN_COMMA = YES;
				CLANG_WARN_CONSTANT_CONVERSION = YES;
				CLANG_WARN_DEPRECATED_OBJC_IMPLEMENTATIONS = YES;
				CLANG_WARN_DIRECT_OBJC_ISA_USAGE = YES_ERROR;
				CLANG_WARN_DOCUMENTATION_COMMENTS = YES;
				CLANG_WARN_EMPTY_BODY = YES;
				CLANG_WARN_ENUM_CONVERSION = YES;
				CLANG_WARN_INFINITE_RECURSION = YES;
				CLANG_WARN_INT_CONVERSION = YES;
				CLANG_WARN_NON_LITERAL_NULL_CONVERSION = YES;
				CLANG_WARN_OBJC_IMPLICIT_RETAIN_SELF = YES;
				CLANG_WARN_OBJC_LITERAL_CONVERSION = YES;
				CLANG_WARN_OBJC_ROOT_CLASS = YES_ERROR;
				CLANG_WARN_QUOTED_INCLUDE_IN_FRAMEWORK_HEADER = YES;
				CLANG_WARN_RANGE_LOOP_ANALYSIS = YES;
				CLANG_WARN_STRICT_PROTOTYPES = YES;
				CLANG_WARN_SUSPICIOUS_MOVE = YES;
				CLANG_WARN_UNGUARDED_AVAILABILITY = YES_AGGRESSIVE;
				CLANG_WARN_UNREACHABLE_CODE = YES;
				CLANG_WARN__DUPLICATE_METHOD_MATCH = YES;
				COPY_PHASE_STRIP = NO;
				DEBUG_INFORMATION_FORMAT = "dwarf-with-dsym";
				ENABLE_NS_ASSERTIONS = NO;
				ENABLE_STRICT_OBJC_MSGSEND = YES;
				ENABLE_USER_SCRIPT_SANDBOXING = YES;
				GCC_C_LANGUAGE_STANDARD = gnu17;
				GCC_NO_COMMON_BLOCKS = YES;
				GCC_WARN_64_TO_32_BIT_CONVERSION = YES;
				GCC_WARN_ABOUT_RETURN_TYPE = YES_ERROR;
				GCC_WARN_UNDECLARED_SELECTOR = YES;
				GCC_WARN_UNINITIALIZED_AUTOS = YES_AGGRESSIVE;
				GCC_WARN_UNUSED_FUNCTION = YES;
				GCC_WARN_UNUSED_VARIABLE = YES;
				IPHONEOS_DEPLOYMENT_TARGET = 16.1;
				LOCALIZATION_PREFERS_STRING_CATALOGS = YES;
				MTL_ENABLE_DEBUG_INFO = NO;
				MTL_FAST_MATH = YES;
				SDKROOT = iphoneos;
				SWIFT_COMPILATION_MODE = wholemodule;
				VALIDATE_PRODUCT = YES;
			};
			name = Release;
		};
		434F5D6F2AFB9B9700AE8779 /* Debug */ = {
			isa = XCBuildConfiguration;
			buildSettings = {
				ASSETCATALOG_COMPILER_APPICON_NAME = AppIcon;
				ASSETCATALOG_COMPILER_GLOBAL_ACCENT_COLOR_NAME = AccentColor;
				CODE_SIGN_STYLE = Automatic;
				CURRENT_PROJECT_VERSION = 1;
				DEVELOPMENT_ASSET_PATHS = "\"allwise/Preview Content\"";
				DEVELOPMENT_TEAM = YA24P24868;
				ENABLE_PREVIEWS = YES;
				GENERATE_INFOPLIST_FILE = YES;
				INFOPLIST_KEY_UIApplicationSceneManifest_Generation = YES;
				INFOPLIST_KEY_UIApplicationSupportsIndirectInputEvents = YES;
				INFOPLIST_KEY_UILaunchScreen_Generation = YES;
				INFOPLIST_KEY_UISupportedInterfaceOrientations_iPad = "UIInterfaceOrientationPortrait UIInterfaceOrientationPortraitUpsideDown UIInterfaceOrientationLandscapeLeft UIInterfaceOrientationLandscapeRight";
				INFOPLIST_KEY_UISupportedInterfaceOrientations_iPhone = "UIInterfaceOrientationPortrait UIInterfaceOrientationLandscapeLeft UIInterfaceOrientationLandscapeRight";
				IPHONEOS_DEPLOYMENT_TARGET = 16.1;
				LD_RUNPATH_SEARCH_PATHS = (
					"$(inherited)",
					"@executable_path/Frameworks",
				);
				MARKETING_VERSION = 1.0;
				PRODUCT_BUNDLE_IDENTIFIER = com.cortex.allwise;
				PRODUCT_NAME = "$(TARGET_NAME)";
				SWIFT_EMIT_LOC_STRINGS = YES;
				SWIFT_VERSION = 5.0;
				TARGETED_DEVICE_FAMILY = "1,2";
			};
			name = Debug;
		};
		434F5D702AFB9B9700AE8779 /* Release */ = {
			isa = XCBuildConfiguration;
			buildSettings = {
				ASSETCATALOG_COMPILER_APPICON_NAME = AppIcon;
				ASSETCATALOG_COMPILER_GLOBAL_ACCENT_COLOR_NAME = AccentColor;
				CODE_SIGN_STYLE = Automatic;
				CURRENT_PROJECT_VERSION = 1;
				DEVELOPMENT_ASSET_PATHS = "\"allwise/Preview Content\"";
				DEVELOPMENT_TEAM = YA24P24868;
				ENABLE_PREVIEWS = YES;
				GENERATE_INFOPLIST_FILE = YES;
				INFOPLIST_KEY_UIApplicationSceneManifest_Generation = YES;
				INFOPLIST_KEY_UIApplicationSupportsIndirectInputEvents = YES;
				INFOPLIST_KEY_UILaunchScreen_Generation = YES;
				INFOPLIST_KEY_UISupportedInterfaceOrientations_iPad = "UIInterfaceOrientationPortrait UIInterfaceOrientationPortraitUpsideDown UIInterfaceOrientationLandscapeLeft UIInterfaceOrientationLandscapeRight";
				INFOPLIST_KEY_UISupportedInterfaceOrientations_iPhone = "UIInterfaceOrientationPortrait UIInterfaceOrientationLandscapeLeft UIInterfaceOrientationLandscapeRight";
				IPHONEOS_DEPLOYMENT_TARGET = 16.1;
				LD_RUNPATH_SEARCH_PATHS = (
					"$(inherited)",
					"@executable_path/Frameworks",
				);
				MARKETING_VERSION = 1.0;
				PRODUCT_BUNDLE_IDENTIFIER = com.cortex.allwise;
				PRODUCT_NAME = "$(TARGET_NAME)";
				SWIFT_EMIT_LOC_STRINGS = YES;
				SWIFT_VERSION = 5.0;
				TARGETED_DEVICE_FAMILY = "1,2";
			};
			name = Release;
		};
/* End XCBuildConfiguration section */

/* Begin XCConfigurationList section */
		434F5D5B2AFB9B9500AE8779 /* Build configuration list for PBXProject "allwise" */ = {
			isa = XCConfigurationList;
			buildConfigurations = (
				434F5D6C2AFB9B9700AE8779 /* Debug */,
				434F5D6D2AFB9B9700AE8779 /* Release */,
			);
			defaultConfigurationIsVisible = 0;
			defaultConfigurationName = Release;
		};
		434F5D6E2AFB9B9700AE8779 /* Build configuration list for PBXNativeTarget "allwise" */ = {
			isa = XCConfigurationList;
			buildConfigurations = (
				434F5D6F2AFB9B9700AE8779 /* Debug */,
				434F5D702AFB9B9700AE8779 /* Release */,
			);
			defaultConfigurationIsVisible = 0;
			defaultConfigurationName = Release;
		};
/* End XCConfigurationList section */
	};
	rootObject = 434F5D582AFB9B9500AE8779 /* Project object */;
}
